PODS:
  - ZQFoundation/ZQCommon (0.1.1):
    - ZQFoundation/ZQCommon/Category (= 0.1.1)
    - ZQFoundation/ZQCommon/Control (= 0.1.1)
    - ZQFoundation/ZQCommon/Macro (= 0.1.1)
    - ZQFoundation/ZQCommon/NavBar (= 0.1.1)
  - ZQFoundation/ZQCommon/Category (0.1.1)
  - ZQFoundation/ZQCommon/Control (0.1.1)
  - ZQFoundation/ZQCommon/Macro (0.1.1)
  - ZQFoundation/ZQCommon/NavBar (0.1.1)

DEPENDENCIES:
  - ZQFoundation/ZQCommon

SPEC REPOS:
  "git@gitee.com:Kelvin943/macro-spec.git":
    - ZQFoundation

SPEC CHECKSUMS:
  ZQFoundation: 949fdefea2b1dfb8704133cd38a57a11592fc59f

PODFILE CHECKSUM: e37069011bf0dfc5cecde4aa58930901dd7c6e1d

COCOAPODS: 1.6.1
