PODS:
  - ZQFoundation (0.1.0):
    - ZQFoundation/ZQShareCode (= 0.1.0)
  - ZQFoundation/ZQShareCode (0.1.0):
    - ZQFoundation/ZQShareCode/Category (= 0.1.0)
  - ZQFoundation/ZQShareCode/Category (0.1.0)

DEPENDENCIES:
  - ZQFoundation (from `https://github.com/kelvin943/ZQFoundation.git`, tag `0.1.0`)

EXTERNAL SOURCES:
  ZQFoundation:
    :git: https://github.com/kelvin943/ZQFoundation.git
    :tag: 0.1.0

CHECKOUT OPTIONS:
  ZQFoundation:
    :git: https://github.com/kelvin943/ZQFoundation.git
    :tag: 0.1.0

SPEC CHECKSUMS:
  ZQFoundation: acd7f79257133ec375536b8f6c201dce8842fccb

PODFILE CHECKSUM: 8da30618d3328f69be7884f46b9235440b06b74b

COCOAPODS: 1.5.3
